
Microsoft Visual Studio Solution File, Format Version 12.00
# Visual Studio Version 16
VisualStudioVersion = 16.0.30320.27
MinimumVisualStudioVersion = 10.0.40219.1
Project("{FAE04EC0-301F-11D3-BF4B-00C04F79EFBC}") = "Laba14", "Laba14\Laba14.csproj", "{218F1E4D-E5E8-4AB0-A13C-142AC175C194}"
EndProject
Global
	GlobalSection(SolutionConfigurationPlatforms) = preSolution
		Debug|Any CPU = Debug|Any CPU
		Release|Any CPU = Release|Any CPU
	EndGlobalSection
	GlobalSection(ProjectConfigurationPlatforms) = postSolution
		{218F1E4D-E5E8-4AB0-A13C-142AC175C194}.Debug|Any CPU.ActiveCfg = Debug|Any CPU
		{218F1E4D-E5E8-4AB0-A13C-142AC175C194}.Debug|Any CPU.Build.0 = Debug|Any CPU
		{218F1E4D-E5E8-4AB0-A13C-142AC175C194}.Release|Any CPU.ActiveCfg = Release|Any CPU
		{218F1E4D-E5E8-4AB0-A13C-142AC175C194}.Release|Any CPU.Build.0 = Release|Any CPU
	EndGlobalSection
	GlobalSection(SolutionProperties) = preSolution
		HideSolutionNode = FALSE
	EndGlobalSection
	GlobalSection(ExtensibilityGlobals) = postSolution
		SolutionGuid = {25208922-877A-4667-8629-550B3E9377B7}
	EndGlobalSection
EndGlobal
